// !$*UTF8*$!
{
	archiveVersion = 1;
	classes = {
	};
	objectVersion = 46;
	objects = {

/* Begin PBXBuildFile section */
		7CE1B65E0BFC39656B760E25 /* libPods.a in Frameworks */ = {isa = PBXBuildFile; fileRef = 6A78A6C1BA9678B145400DF8 /* libPods.a */; };
		BA1A1BA91B30A3420003A370 /* intrepidOffice.gpx in Resources */ = {isa = PBXBuildFile; fileRef = BA1A1BA81B30A3420003A370 /* intrepidOffice.gpx */; };
		BA21CE051B345FA400020C27 /* MapKit.framework in Frameworks */ = {isa = PBXBuildFile; fileRef = BA21CE041B345FA400020C27 /* MapKit.framework */; };
		BA3EE76B1B3329BE003BBCA3 /* intrepid-logo.png in Resources */ = {isa = PBXBuildFile; fileRef = BA3EE76A1B3329BE003BBCA3 /* intrepid-logo.png */; };
		BA4D3B0C1B31BFD000C689D8 /* SlackRequestManager.m in Sources */ = {isa = PBXBuildFile; fileRef = BA4D3B0B1B31BFD000C689D8 /* SlackRequestManager.m */; };
		BA4EA3191B305C3500E9896E /* main.m in Sources */ = {isa = PBXBuildFile; fileRef = BA4EA3181B305C3500E9896E /* main.m */; };
		BA4EA31C1B305C3500E9896E /* AppDelegate.m in Sources */ = {isa = PBXBuildFile; fileRef = BA4EA31B1B305C3500E9896E /* AppDelegate.m */; };
		BA4EA31F1B305C3500E9896E /* ViewController.m in Sources */ = {isa = PBXBuildFile; fileRef = BA4EA31E1B305C3500E9896E /* ViewController.m */; };
		BA4EA3221B305C3500E9896E /* Main.storyboard in Resources */ = {isa = PBXBuildFile; fileRef = BA4EA3201B305C3500E9896E /* Main.storyboard */; };
		BA4EA3241B305C3500E9896E /* Images.xcassets in Resources */ = {isa = PBXBuildFile; fileRef = BA4EA3231B305C3500E9896E /* Images.xcassets */; };
		BA4EA3271B305C3500E9896E /* LaunchScreen.xib in Resources */ = {isa = PBXBuildFile; fileRef = BA4EA3251B305C3500E9896E /* LaunchScreen.xib */; };
		BA4EA3331B305C3500E9896E /* intrepid_check_inTests.m in Sources */ = {isa = PBXBuildFile; fileRef = BA4EA3321B305C3500E9896E /* intrepid_check_inTests.m */; };
		BA4EA33D1B30749600E9896E /* CoreLocation.framework in Frameworks */ = {isa = PBXBuildFile; fileRef = BA4EA33C1B30749600E9896E /* CoreLocation.framework */; };
		BA5D2CE91B34864A006C0712 /* LocationManagerViewController.m in Sources */ = {isa = PBXBuildFile; fileRef = BA5D2CE81B34864A006C0712 /* LocationManagerViewController.m */; };
/* End PBXBuildFile section */

/* Begin PBXContainerItemProxy section */
		BA4EA32D1B305C3500E9896E /* PBXContainerItemProxy */ = {
			isa = PBXContainerItemProxy;
			containerPortal = BA4EA30B1B305C3500E9896E /* Project object */;
			proxyType = 1;
			remoteGlobalIDString = BA4EA3121B305C3500E9896E;
			remoteInfo = "intrepid-check-in";
		};
/* End PBXContainerItemProxy section */

/* Begin PBXFileReference section */
		3D1DA98131550AE67A1D1663 /* Pods.debug.xcconfig */ = {isa = PBXFileReference; includeInIndex = 1; lastKnownFileType = text.xcconfig; name = Pods.debug.xcconfig; path = "Pods/Target Support Files/Pods/Pods.debug.xcconfig"; sourceTree = "<group>"; };
		6A78A6C1BA9678B145400DF8 /* libPods.a */ = {isa = PBXFileReference; explicitFileType = archive.ar; includeInIndex = 0; path = libPods.a; sourceTree = BUILT_PRODUCTS_DIR; };
		A5DE7A859786E40C69D4D5BD /* Pods.release.xcconfig */ = {isa = PBXFileReference; includeInIndex = 1; lastKnownFileType = text.xcconfig; name = Pods.release.xcconfig; path = "Pods/Target Support Files/Pods/Pods.release.xcconfig"; sourceTree = "<group>"; };
		BA1A1BA81B30A3420003A370 /* intrepidOffice.gpx */ = {isa = PBXFileReference; fileEncoding = 4; lastKnownFileType = text.xml; name = intrepidOffice.gpx; path = ../../../Desktop/intrepidOffice.gpx; sourceTree = "<group>"; };
		BA21CE041B345FA400020C27 /* MapKit.framework */ = {isa = PBXFileReference; lastKnownFileType = wrapper.framework; name = MapKit.framework; path = System/Library/Frameworks/MapKit.framework; sourceTree = SDKROOT; };
		BA3EE76A1B3329BE003BBCA3 /* intrepid-logo.png */ = {isa = PBXFileReference; lastKnownFileType = image.png; path = "intrepid-logo.png"; sourceTree = "<group>"; };
		BA4D3B0A1B31BFD000C689D8 /* SlackRequestManager.h */ = {isa = PBXFileReference; fileEncoding = 4; lastKnownFileType = sourcecode.c.h; path = SlackRequestManager.h; sourceTree = "<group>"; };
		BA4D3B0B1B31BFD000C689D8 /* SlackRequestManager.m */ = {isa = PBXFileReference; fileEncoding = 4; lastKnownFileType = sourcecode.c.objc; path = SlackRequestManager.m; sourceTree = "<group>"; };
		BA4EA3131B305C3500E9896E /* intrepid-check-in.app */ = {isa = PBXFileReference; explicitFileType = wrapper.application; includeInIndex = 0; path = "intrepid-check-in.app"; sourceTree = BUILT_PRODUCTS_DIR; };
		BA4EA3171B305C3500E9896E /* Info.plist */ = {isa = PBXFileReference; lastKnownFileType = text.plist.xml; path = Info.plist; sourceTree = "<group>"; };
		BA4EA3181B305C3500E9896E /* main.m */ = {isa = PBXFileReference; lastKnownFileType = sourcecode.c.objc; path = main.m; sourceTree = "<group>"; };
		BA4EA31A1B305C3500E9896E /* AppDelegate.h */ = {isa = PBXFileReference; lastKnownFileType = sourcecode.c.h; path = AppDelegate.h; sourceTree = "<group>"; };
		BA4EA31B1B305C3500E9896E /* AppDelegate.m */ = {isa = PBXFileReference; lastKnownFileType = sourcecode.c.objc; path = AppDelegate.m; sourceTree = "<group>"; };
		BA4EA31D1B305C3500E9896E /* ViewController.h */ = {isa = PBXFileReference; lastKnownFileType = sourcecode.c.h; path = ViewController.h; sourceTree = "<group>"; };
		BA4EA31E1B305C3500E9896E /* ViewController.m */ = {isa = PBXFileReference; lastKnownFileType = sourcecode.c.objc; path = ViewController.m; sourceTree = "<group>"; };
		BA4EA3211B305C3500E9896E /* Base */ = {isa = PBXFileReference; lastKnownFileType = file.storyboard; name = Base; path = Base.lproj/Main.storyboard; sourceTree = "<group>"; };
		BA4EA3231B305C3500E9896E /* Images.xcassets */ = {isa = PBXFileReference; lastKnownFileType = folder.assetcatalog; path = Images.xcassets; sourceTree = "<group>"; };
		BA4EA3261B305C3500E9896E /* Base */ = {isa = PBXFileReference; lastKnownFileType = file.xib; name = Base; path = Base.lproj/LaunchScreen.xib; sourceTree = "<group>"; };
		BA4EA32C1B305C3500E9896E /* intrepid-check-inTests.xctest */ = {isa = PBXFileReference; explicitFileType = wrapper.cfbundle; includeInIndex = 0; path = "intrepid-check-inTests.xctest"; sourceTree = BUILT_PRODUCTS_DIR; };
		BA4EA3311B305C3500E9896E /* Info.plist */ = {isa = PBXFileReference; lastKnownFileType = text.plist.xml; path = Info.plist; sourceTree = "<group>"; };
		BA4EA3321B305C3500E9896E /* intrepid_check_inTests.m */ = {isa = PBXFileReference; lastKnownFileType = sourcecode.c.objc; path = intrepid_check_inTests.m; sourceTree = "<group>"; };
		BA4EA33C1B30749600E9896E /* CoreLocation.framework */ = {isa = PBXFileReference; lastKnownFileType = wrapper.framework; name = CoreLocation.framework; path = System/Library/Frameworks/CoreLocation.framework; sourceTree = SDKROOT; };
		BA5D2CE71B34864A006C0712 /* LocationManagerViewController.h */ = {isa = PBXFileReference; fileEncoding = 4; lastKnownFileType = sourcecode.c.h; path = LocationManagerViewController.h; sourceTree = "<group>"; };
		BA5D2CE81B34864A006C0712 /* LocationManagerViewController.m */ = {isa = PBXFileReference; fileEncoding = 4; lastKnownFileType = sourcecode.c.objc; path = LocationManagerViewController.m; sourceTree = "<group>"; };
/* End PBXFileReference section */

/* Begin PBXFrameworksBuildPhase section */
		BA4EA3101B305C3500E9896E /* Frameworks */ = {
			isa = PBXFrameworksBuildPhase;
			buildActionMask = 2147483647;
			files = (
				BA21CE051B345FA400020C27 /* MapKit.framework in Frameworks */,
				BA4EA33D1B30749600E9896E /* CoreLocation.framework in Frameworks */,
				7CE1B65E0BFC39656B760E25 /* libPods.a in Frameworks */,
			);
			runOnlyForDeploymentPostprocessing = 0;
		};
		BA4EA3291B305C3500E9896E /* Frameworks */ = {
			isa = PBXFrameworksBuildPhase;
			buildActionMask = 2147483647;
			files = (
			);
			runOnlyForDeploymentPostprocessing = 0;
		};
/* End PBXFrameworksBuildPhase section */

/* Begin PBXGroup section */
		A2E8B03D9D2CC3A51F3DE43D /* Frameworks */ = {
			isa = PBXGroup;
			children = (
				BA21CE041B345FA400020C27 /* MapKit.framework */,
				6A78A6C1BA9678B145400DF8 /* libPods.a */,
			);
			name = Frameworks;
			sourceTree = "<group>";
		};
		BA4EA30A1B305C3500E9896E = {
			isa = PBXGroup;
			children = (
				BA1A1BA81B30A3420003A370 /* intrepidOffice.gpx */,
				BA4EA33C1B30749600E9896E /* CoreLocation.framework */,
				BA4EA3151B305C3500E9896E /* intrepid-check-in */,
				BA4EA32F1B305C3500E9896E /* intrepid-check-inTests */,
				BA4EA3141B305C3500E9896E /* Products */,
				DA0AECE3EEB1CC0862BE144D /* Pods */,
				A2E8B03D9D2CC3A51F3DE43D /* Frameworks */,
			);
			sourceTree = "<group>";
		};
		BA4EA3141B305C3500E9896E /* Products */ = {
			isa = PBXGroup;
			children = (
				BA4EA3131B305C3500E9896E /* intrepid-check-in.app */,
				BA4EA32C1B305C3500E9896E /* intrepid-check-inTests.xctest */,
			);
			name = Products;
			sourceTree = "<group>";
		};
		BA4EA3151B305C3500E9896E /* intrepid-check-in */ = {
			isa = PBXGroup;
			children = (
				BA3EE76A1B3329BE003BBCA3 /* intrepid-logo.png */,
				BA4EA31A1B305C3500E9896E /* AppDelegate.h */,
				BA4EA31B1B305C3500E9896E /* AppDelegate.m */,
				BA4EA31D1B305C3500E9896E /* ViewController.h */,
				BA4EA31E1B305C3500E9896E /* ViewController.m */,
				BA4D3B0A1B31BFD000C689D8 /* SlackRequestManager.h */,
				BA4D3B0B1B31BFD000C689D8 /* SlackRequestManager.m */,
				BA5D2CE71B34864A006C0712 /* LocationManagerViewController.h */,
				BA5D2CE81B34864A006C0712 /* LocationManagerViewController.m */,
				BA4EA3201B305C3500E9896E /* Main.storyboard */,
				BA4EA3231B305C3500E9896E /* Images.xcassets */,
				BA4EA3251B305C3500E9896E /* LaunchScreen.xib */,
				BA4EA3161B305C3500E9896E /* Supporting Files */,
			);
			path = "intrepid-check-in";
			sourceTree = "<group>";
		};
		BA4EA3161B305C3500E9896E /* Supporting Files */ = {
			isa = PBXGroup;
			children = (
				BA4EA3171B305C3500E9896E /* Info.plist */,
				BA4EA3181B305C3500E9896E /* main.m */,
			);
			name = "Supporting Files";
			sourceTree = "<group>";
		};
		BA4EA32F1B305C3500E9896E /* intrepid-check-inTests */ = {
			isa = PBXGroup;
			children = (
				BA4EA3321B305C3500E9896E /* intrepid_check_inTests.m */,
				BA4EA3301B305C3500E9896E /* Supporting Files */,
			);
			path = "intrepid-check-inTests";
			sourceTree = "<group>";
		};
		BA4EA3301B305C3500E9896E /* Supporting Files */ = {
			isa = PBXGroup;
			children = (
				BA4EA3311B305C3500E9896E /* Info.plist */,
			);
			name = "Supporting Files";
			sourceTree = "<group>";
		};
		DA0AECE3EEB1CC0862BE144D /* Pods */ = {
			isa = PBXGroup;
			children = (
				3D1DA98131550AE67A1D1663 /* Pods.debug.xcconfig */,
				A5DE7A859786E40C69D4D5BD /* Pods.release.xcconfig */,
			);
			name = Pods;
			sourceTree = "<group>";
		};
/* End PBXGroup section */

/* Begin PBXNativeTarget section */
		BA4EA3121B305C3500E9896E /* intrepid-check-in */ = {
			isa = PBXNativeTarget;
			buildConfigurationList = BA4EA3361B305C3500E9896E /* Build configuration list for PBXNativeTarget "intrepid-check-in" */;
			buildPhases = (
				DF651243F8B55EFFA140E9E9 /* Check Pods Manifest.lock */,
				BA4EA30F1B305C3500E9896E /* Sources */,
				BA4EA3101B305C3500E9896E /* Frameworks */,
				BA4EA3111B305C3500E9896E /* Resources */,
				636D89097CF79DA638E9C983 /* Copy Pods Resources */,
			);
			buildRules = (
			);
			dependencies = (
			);
			name = "intrepid-check-in";
			productName = "intrepid-check-in";
			productReference = BA4EA3131B305C3500E9896E /* intrepid-check-in.app */;
			productType = "com.apple.product-type.application";
		};
		BA4EA32B1B305C3500E9896E /* intrepid-check-inTests */ = {
			isa = PBXNativeTarget;
			buildConfigurationList = BA4EA3391B305C3500E9896E /* Build configuration list for PBXNativeTarget "intrepid-check-inTests" */;
			buildPhases = (
				BA4EA3281B305C3500E9896E /* Sources */,
				BA4EA3291B305C3500E9896E /* Frameworks */,
				BA4EA32A1B305C3500E9896E /* Resources */,
			);
			buildRules = (
			);
			dependencies = (
				BA4EA32E1B305C3500E9896E /* PBXTargetDependency */,
			);
			name = "intrepid-check-inTests";
			productName = "intrepid-check-inTests";
			productReference = BA4EA32C1B305C3500E9896E /* intrepid-check-inTests.xctest */;
			productType = "com.apple.product-type.bundle.unit-test";
		};
/* End PBXNativeTarget section */

/* Begin PBXProject section */
		BA4EA30B1B305C3500E9896E /* Project object */ = {
			isa = PBXProject;
			attributes = {
				LastUpgradeCheck = 0630;
				ORGANIZATIONNAME = "Aditi Ashok";
				TargetAttributes = {
					BA4EA3121B305C3500E9896E = {
						CreatedOnToolsVersion = 6.3.2;
						DevelopmentTeam = THP5EV5EJ9;
					};
					BA4EA32B1B305C3500E9896E = {
						CreatedOnToolsVersion = 6.3.2;
						TestTargetID = BA4EA3121B305C3500E9896E;
					};
				};
			};
			buildConfigurationList = BA4EA30E1B305C3500E9896E /* Build configuration list for PBXProject "intrepid-check-in" */;
			compatibilityVersion = "Xcode 3.2";
			developmentRegion = English;
			hasScannedForEncodings = 0;
			knownRegions = (
				en,
				Base,
			);
			mainGroup = BA4EA30A1B305C3500E9896E;
			productRefGroup = BA4EA3141B305C3500E9896E /* Products */;
			projectDirPath = "";
			projectRoot = "";
			targets = (
				BA4EA3121B305C3500E9896E /* intrepid-check-in */,
				BA4EA32B1B305C3500E9896E /* intrepid-check-inTests */,
			);
		};
/* End PBXProject section */

/* Begin PBXResourcesBuildPhase section */
		BA4EA3111B305C3500E9896E /* Resources */ = {
			isa = PBXResourcesBuildPhase;
			buildActionMask = 2147483647;
			files = (
				BA4EA3221B305C3500E9896E /* Main.storyboard in Resources */,
				BA4EA3271B305C3500E9896E /* LaunchScreen.xib in Resources */,
				BA3EE76B1B3329BE003BBCA3 /* intrepid-logo.png in Resources */,
				BA1A1BA91B30A3420003A370 /* intrepidOffice.gpx in Resources */,
				BA4EA3241B305C3500E9896E /* Images.xcassets in Resources */,
			);
			runOnlyForDeploymentPostprocessing = 0;
		};
		BA4EA32A1B305C3500E9896E /* Resources */ = {
			isa = PBXResourcesBuildPhase;
			buildActionMask = 2147483647;
			files = (
			);
			runOnlyForDeploymentPostprocessing = 0;
		};
/* End PBXResourcesBuildPhase section */

/* Begin PBXShellScriptBuildPhase section */
		636D89097CF79DA638E9C983 /* Copy Pods Resources */ = {
			isa = PBXShellScriptBuildPhase;
			buildActionMask = 2147483647;
			files = (
			);
			inputPaths = (
			);
			name = "Copy Pods Resources";
			outputPaths = (
			);
			runOnlyForDeploymentPostprocessing = 0;
			shellPath = /bin/sh;
			shellScript = "\"${SRCROOT}/Pods/Target Support Files/Pods/Pods-resources.sh\"\n";
			showEnvVarsInLog = 0;
		};
		DF651243F8B55EFFA140E9E9 /* Check Pods Manifest.lock */ = {
			isa = PBXShellScriptBuildPhase;
			buildActionMask = 2147483647;
			files = (
			);
			inputPaths = (
			);
			name = "Check Pods Manifest.lock";
			outputPaths = (
			);
			runOnlyForDeploymentPostprocessing = 0;
			shellPath = /bin/sh;
			shellScript = "diff \"${PODS_ROOT}/../Podfile.lock\" \"${PODS_ROOT}/Manifest.lock\" > /dev/null\nif [[ $? != 0 ]] ; then\n    cat << EOM\nerror: The sandbox is not in sync with the Podfile.lock. Run 'pod install' or update your CocoaPods installation.\nEOM\n    exit 1\nfi\n";
			showEnvVarsInLog = 0;
		};
/* End PBXShellScriptBuildPhase section */

/* Begin PBXSourcesBuildPhase section */
		BA4EA30F1B305C3500E9896E /* Sources */ = {
			isa = PBXSourcesBuildPhase;
			buildActionMask = 2147483647;
			files = (
				BA4EA31F1B305C3500E9896E /* ViewController.m in Sources */,
				BA4EA31C1B305C3500E9896E /* AppDelegate.m in Sources */,
				BA4D3B0C1B31BFD000C689D8 /* SlackRequestManager.m in Sources */,
				BA5D2CE91B34864A006C0712 /* LocationManagerViewController.m in Sources */,
				BA4EA3191B305C3500E9896E /* main.m in Sources */,
			);
			runOnlyForDeploymentPostprocessing = 0;
		};
		BA4EA3281B305C3500E9896E /* Sources */ = {
			isa = PBXSourcesBuildPhase;
			buildActionMask = 2147483647;
			files = (
				BA4EA3331B305C3500E9896E /* intrepid_check_inTests.m in Sources */,
			);
			runOnlyForDeploymentPostprocessing = 0;
		};
/* End PBXSourcesBuildPhase section */

/* Begin PBXTargetDependency section */
		BA4EA32E1B305C3500E9896E /* PBXTargetDependency */ = {
			isa = PBXTargetDependency;
			target = BA4EA3121B305C3500E9896E /* intrepid-check-in */;
			targetProxy = BA4EA32D1B305C3500E9896E /* PBXContainerItemProxy */;
		};
/* End PBXTargetDependency section */

/* Begin PBXVariantGroup section */
		BA4EA3201B305C3500E9896E /* Main.storyboard */ = {
			isa = PBXVariantGroup;
			children = (
				BA4EA3211B305C3500E9896E /* Base */,
			);
			name = Main.storyboard;
			sourceTree = "<group>";
		};
		BA4EA3251B305C3500E9896E /* LaunchScreen.xib */ = {
			isa = PBXVariantGroup;
			children = (
				BA4EA3261B305C3500E9896E /* Base */,
			);
			name = LaunchScreen.xib;
			sourceTree = "<group>";
		};
/* End PBXVariantGroup section */

/* Begin XCBuildConfiguration section */
		BA4EA3341B305C3500E9896E /* Debug */ = {
			isa = XCBuildConfiguration;
			buildSettings = {
				ALWAYS_SEARCH_USER_PATHS = NO;
				CLANG_CXX_LANGUAGE_STANDARD = "gnu++0x";
				CLANG_CXX_LIBRARY = "libc++";
				CLANG_ENABLE_MODULES = YES;
				CLANG_ENABLE_OBJC_ARC = YES;
				CLANG_WARN_BOOL_CONVERSION = YES;
				CLANG_WARN_CONSTANT_CONVERSION = YES;
				CLANG_WARN_DIRECT_OBJC_ISA_USAGE = YES_ERROR;
				CLANG_WARN_EMPTY_BODY = YES;
				CLANG_WARN_ENUM_CONVERSION = YES;
				CLANG_WARN_INT_CONVERSION = YES;
				CLANG_WARN_OBJC_ROOT_CLASS = YES_ERROR;
				CLANG_WARN_UNREACHABLE_CODE = YES;
				CLANG_WARN__DUPLICATE_METHOD_MATCH = YES;
				"CODE_SIGN_IDENTITY[sdk=iphoneos*]" = "iPhone Developer";
				COPY_PHASE_STRIP = NO;
				DEBUG_INFORMATION_FORMAT = "dwarf-with-dsym";
				ENABLE_STRICT_OBJC_MSGSEND = YES;
				GCC_C_LANGUAGE_STANDARD = gnu99;
				GCC_DYNAMIC_NO_PIC = NO;
				GCC_NO_COMMON_BLOCKS = YES;
				GCC_OPTIMIZATION_LEVEL = 0;
				GCC_PREPROCESSOR_DEFINITIONS = (
					"DEBUG=1",
					"$(inherited)",
				);
				GCC_SYMBOLS_PRIVATE_EXTERN = NO;
				GCC_WARN_64_TO_32_BIT_CONVERSION = YES;
				GCC_WARN_ABOUT_RETURN_TYPE = YES_ERROR;
				GCC_WARN_UNDECLARED_SELECTOR = YES;
				GCC_WARN_UNINITIALIZED_AUTOS = YES_AGGRESSIVE;
				GCC_WARN_UNUSED_FUNCTION = YES;
				GCC_WARN_UNUSED_VARIABLE = YES;
				IPHONEOS_DEPLOYMENT_TARGET = 8.3;
				MTL_ENABLE_DEBUG_INFO = YES;
				ONLY_ACTIVE_ARCH = YES;
				SDKROOT = iphoneos;
				TARGETED_DEVICE_FAMILY = "1,2";
			};
			name = Debug;
		};
		BA4EA3351B305C3500E9896E /* Release */ = {
			isa = XCBuildConfiguration;
			buildSettings = {
				ALWAYS_SEARCH_USER_PATHS = NO;
				CLANG_CXX_LANGUAGE_STANDARD = "gnu++0x";
				CLANG_CXX_LIBRARY = "libc++";
				CLANG_ENABLE_MODULES = YES;
				CLANG_ENABLE_OBJC_ARC = YES;
				CLANG_WARN_BOOL_CONVERSION = YES;
				CLANG_WARN_CONSTANT_CONVERSION = YES;
				CLANG_WARN_DIRECT_OBJC_ISA_USAGE = YES_ERROR;
				CLANG_WARN_EMPTY_BODY = YES;
				CLANG_WARN_ENUM_CONVERSION = YES;
				CLANG_WARN_INT_CONVERSION = YES;
				CLANG_WARN_OBJC_ROOT_CLASS = YES_ERROR;
				CLANG_WARN_UNREACHABLE_CODE = YES;
				CLANG_WARN__DUPLICATE_METHOD_MATCH = YES;
				"CODE_SIGN_IDENTITY[sdk=iphoneos*]" = "iPhone Developer";
				COPY_PHASE_STRIP = NO;
				DEBUG_INFORMATION_FORMAT = "dwarf-with-dsym";
				ENABLE_NS_ASSERTIONS = NO;
				ENABLE_STRICT_OBJC_MSGSEND = YES;
				GCC_C_LANGUAGE_STANDARD = gnu99;
				GCC_NO_COMMON_BLOCKS = YES;
				GCC_WARN_64_TO_32_BIT_CONVERSION = YES;
				GCC_WARN_ABOUT_RETURN_TYPE = YES_ERROR;
				GCC_WARN_UNDECLARED_SELECTOR = YES;
				GCC_WARN_UNINITIALIZED_AUTOS = YES_AGGRESSIVE;
				GCC_WARN_UNUSED_FUNCTION = YES;
				GCC_WARN_UNUSED_VARIABLE = YES;
				IPHONEOS_DEPLOYMENT_TARGET = 8.3;
				MTL_ENABLE_DEBUG_INFO = NO;
				SDKROOT = iphoneos;
				TARGETED_DEVICE_FAMILY = "1,2";
				VALIDATE_PRODUCT = YES;
			};
			name = Release;
		};
		BA4EA3371B305C3500E9896E /* Debug */ = {
			isa = XCBuildConfiguration;
			baseConfigurationReference = 3D1DA98131550AE67A1D1663 /* Pods.debug.xcconfig */;
			buildSettings = {
				ASSETCATALOG_COMPILER_APPICON_NAME = AppIcon;
				CODE_SIGN_IDENTITY = "iPhone Developer";
				"CODE_SIGN_IDENTITY[sdk=iphoneos*]" = "iPhone Developer";
				INFOPLIST_FILE = "intrepid-check-in/Info.plist";
				IPHONEOS_DEPLOYMENT_TARGET = 8.2;
				LD_RUNPATH_SEARCH_PATHS = "$(inherited) @executable_path/Frameworks";
				PRODUCT_NAME = "$(TARGET_NAME)";
				PROVISIONING_PROFILE = "";
			};
			name = Debug;
		};
		BA4EA3381B305C3500E9896E /* Release */ = {
			isa = XCBuildConfiguration;
			baseConfigurationReference = A5DE7A859786E40C69D4D5BD /* Pods.release.xcconfig */;
			buildSettings = {
				ASSETCATALOG_COMPILER_APPICON_NAME = AppIcon;
				CODE_SIGN_IDENTITY = "iPhone Developer";
				"CODE_SIGN_IDENTITY[sdk=iphoneos*]" = "iPhone Developer";
				INFOPLIST_FILE = "intrepid-check-in/Info.plist";
				IPHONEOS_DEPLOYMENT_TARGET = 8.2;
				LD_RUNPATH_SEARCH_PATHS = "$(inherited) @executable_path/Frameworks";
				PRODUCT_NAME = "$(TARGET_NAME)";
				PROVISIONING_PROFILE = "";
			};
			name = Release;
		};
		BA4EA33A1B305C3500E9896E /* Debug */ = {
			isa = XCBuildConfiguration;
			buildSettings = {
				BUNDLE_LOADER = "$(TEST_HOST)";
				FRAMEWORK_SEARCH_PATHS = (
					"$(SDKROOT)/Developer/Library/Frameworks",
					"$(inherited)",
				);
				GCC_PREPROCESSOR_DEFINITIONS = (
					"DEBUG=1",
					"$(inherited)",
				);
				INFOPLIST_FILE = "intrepid-check-inTests/Info.plist";
				LD_RUNPATH_SEARCH_PATHS = "$(inherited) @executable_path/Frameworks @loader_path/Frameworks";
				PRODUCT_NAME = "$(TARGET_NAME)";
				TEST_HOST = "$(BUILT_PRODUCTS_DIR)/intrepid-check-in.app/intrepid-check-in";
			};
			name = Debug;
		};
		BA4EA33B1B305C3500E9896E /* Release */ = {
			isa = XCBuildConfiguration;
			buildSettings = {
				BUNDLE_LOADER = "$(TEST_HOST)";
				FRAMEWORK_SEARCH_PATHS = (
					"$(SDKROOT)/Developer/Library/Frameworks",
					"$(inherited)",
				);
				INFOPLIST_FILE = "intrepid-check-inTests/Info.plist";
				LD_RUNPATH_SEARCH_PATHS = "$(inherited) @executable_path/Frameworks @loader_path/Frameworks";
				PRODUCT_NAME = "$(TARGET_NAME)";
				TEST_HOST = "$(BUILT_PRODUCTS_DIR)/intrepid-check-in.app/intrepid-check-in";
			};
			name = Release;
		};
/* End XCBuildConfiguration section */

/* Begin XCConfigurationList section */
		BA4EA30E1B305C3500E9896E /* Build configuration list for PBXProject "intrepid-check-in" */ = {
			isa = XCConfigurationList;
			buildConfigurations = (
				BA4EA3341B305C3500E9896E /* Debug */,
				BA4EA3351B305C3500E9896E /* Release */,
			);
			defaultConfigurationIsVisible = 0;
			defaultConfigurationName = Release;
		};
		BA4EA3361B305C3500E9896E /* Build configuration list for PBXNativeTarget "intrepid-check-in" */ = {
			isa = XCConfigurationList;
			buildConfigurations = (
				BA4EA3371B305C3500E9896E /* Debug */,
				BA4EA3381B305C3500E9896E /* Release */,
			);
			defaultConfigurationIsVisible = 0;
			defaultConfigurationName = Release;
		};
		BA4EA3391B305C3500E9896E /* Build configuration list for PBXNativeTarget "intrepid-check-inTests" */ = {
			isa = XCConfigurationList;
			buildConfigurations = (
				BA4EA33A1B305C3500E9896E /* Debug */,
				BA4EA33B1B305C3500E9896E /* Release */,
			);
			defaultConfigurationIsVisible = 0;
			defaultConfigurationName = Release;
		};
/* End XCConfigurationList section */
	};
	rootObject = BA4EA30B1B305C3500E9896E /* Project object */;
}
